// !$*UTF8*$!
{
	archiveVersion = 1;
	classes = {
	};
	objectVersion = 46;
	objects = {

/* Begin PBXBuildFile section */
		45E5331B1E44FE1800D0B306 /* AppDelegate.m in Sources */ = {isa = PBXBuildFile; fileRef = 45E5331A1E44FE1800D0B306 /* AppDelegate.m */; };
		45E5331E1E44FE1800D0B306 /* main.m in Sources */ = {isa = PBXBuildFile; fileRef = 45E5331D1E44FE1800D0B306 /* main.m */; };
		45E533211E44FE1800D0B306 /* ViewController.m in Sources */ = {isa = PBXBuildFile; fileRef = 45E533201E44FE1800D0B306 /* ViewController.m */; };
		45E533231E44FE1800D0B306 /* Assets.xcassets in Resources */ = {isa = PBXBuildFile; fileRef = 45E533221E44FE1800D0B306 /* Assets.xcassets */; };
		45E533261E44FE1800D0B306 /* Main.storyboard in Resources */ = {isa = PBXBuildFile; fileRef = 45E533241E44FE1800D0B306 /* Main.storyboard */; };
		45E5334A1E45010800D0B306 /* Foo.m in Sources */ = {isa = PBXBuildFile; fileRef = 45E533491E45010800D0B306 /* Foo.m */; };
/* End PBXBuildFile section */

/* Begin PBXContainerItemProxy section */
		45E5332D1E44FE1800D0B306 /* PBXContainerItemProxy */ = {
			isa = PBXContainerItemProxy;
			containerPortal = 45E5330E1E44FE1700D0B306 /* Project object */;
			proxyType = 1;
			remoteGlobalIDString = 45E533151E44FE1700D0B306;
			remoteInfo = RandomApp;
		};
		45E533381E44FE1800D0B306 /* PBXContainerItemProxy */ = {
			isa = PBXContainerItemProxy;
			containerPortal = 45E5330E1E44FE1700D0B306 /* Project object */;
			proxyType = 1;
			remoteGlobalIDString = 45E533151E44FE1700D0B306;
			remoteInfo = RandomApp;
		};
/* End PBXContainerItemProxy section */

/* Begin PBXFileReference section */
		45E533161E44FE1800D0B306 /* RandomApp.app */ = {isa = PBXFileReference; explicitFileType = wrapper.application; includeInIndex = 0; path = RandomApp.app; sourceTree = BUILT_PRODUCTS_DIR; };
		45E533191E44FE1800D0B306 /* AppDelegate.h */ = {isa = PBXFileReference; lastKnownFileType = sourcecode.c.h; path = AppDelegate.h; sourceTree = "<group>"; };
		45E5331A1E44FE1800D0B306 /* AppDelegate.m */ = {isa = PBXFileReference; lastKnownFileType = sourcecode.c.objc; path = AppDelegate.m; sourceTree = "<group>"; };
		45E5331D1E44FE1800D0B306 /* main.m */ = {isa = PBXFileReference; lastKnownFileType = sourcecode.c.objc; path = main.m; sourceTree = "<group>"; };
		45E5331F1E44FE1800D0B306 /* ViewController.h */ = {isa = PBXFileReference; lastKnownFileType = sourcecode.c.h; path = ViewController.h; sourceTree = "<group>"; };
		45E533201E44FE1800D0B306 /* ViewController.m */ = {isa = PBXFileReference; lastKnownFileType = sourcecode.c.objc; path = ViewController.m; sourceTree = "<group>"; };
		45E533221E44FE1800D0B306 /* Assets.xcassets */ = {isa = PBXFileReference; lastKnownFileType = folder.assetcatalog; path = Assets.xcassets; sourceTree = "<group>"; };
		45E533251E44FE1800D0B306 /* Base */ = {isa = PBXFileReference; lastKnownFileType = file.storyboard; name = Base; path = Base.lproj/Main.storyboard; sourceTree = "<group>"; };
		45E533271E44FE1800D0B306 /* Info.plist */ = {isa = PBXFileReference; lastKnownFileType = text.plist.xml; path = Info.plist; sourceTree = "<group>"; };
		45E5332C1E44FE1800D0B306 /* RandomAppTests.xctest */ = {isa = PBXFileReference; explicitFileType = wrapper.cfbundle; includeInIndex = 0; path = RandomAppTests.xctest; sourceTree = BUILT_PRODUCTS_DIR; };
		45E533371E44FE1800D0B306 /* RandomAppUITests.xctest */ = {isa = PBXFileReference; explicitFileType = wrapper.cfbundle; includeInIndex = 0; path = RandomAppUITests.xctest; sourceTree = BUILT_PRODUCTS_DIR; };
		45E533491E45010800D0B306 /* Foo.m */ = {isa = PBXFileReference; fileEncoding = 4; lastKnownFileType = sourcecode.c.objc; path = Foo.m; sourceTree = "<group>"; };
		45E5334B1E45012C00D0B306 /* Foo.h */ = {isa = PBXFileReference; lastKnownFileType = sourcecode.c.h; path = Foo.h; sourceTree = "<group>"; };
/* End PBXFileReference section */

/* Begin PBXFrameworksBuildPhase section */
		45E533131E44FE1700D0B306 /* Frameworks */ = {
			isa = PBXFrameworksBuildPhase;
			buildActionMask = 2147483647;
			files = (
			);
			runOnlyForDeploymentPostprocessing = 0;
		};
		45E533291E44FE1800D0B306 /* Frameworks */ = {
			isa = PBXFrameworksBuildPhase;
			buildActionMask = 2147483647;
			files = (
			);
			runOnlyForDeploymentPostprocessing = 0;
		};
		45E533341E44FE1800D0B306 /* Frameworks */ = {
			isa = PBXFrameworksBuildPhase;
			buildActionMask = 2147483647;
			files = (
			);
			runOnlyForDeploymentPostprocessing = 0;
		};
/* End PBXFrameworksBuildPhase section */

/* Begin PBXGroup section */
		45E5330D1E44FE1700D0B306 = {
			isa = PBXGroup;
			children = (
				45E533181E44FE1800D0B306 /* RandomApp */,
				45E533171E44FE1800D0B306 /* Products */,
			);
			sourceTree = "<group>";
		};
		45E533171E44FE1800D0B306 /* Products */ = {
			isa = PBXGroup;
			children = (
				45E533161E44FE1800D0B306 /* RandomApp.app */,
				45E5332C1E44FE1800D0B306 /* RandomAppTests.xctest */,
				45E533371E44FE1800D0B306 /* RandomAppUITests.xctest */,
			);
			name = Products;
			sourceTree = "<group>";
		};
		45E533181E44FE1800D0B306 /* RandomApp */ = {
			isa = PBXGroup;
			children = (
				45E533191E44FE1800D0B306 /* AppDelegate.h */,
				45E5331A1E44FE1800D0B306 /* AppDelegate.m */,
				45E5331F1E44FE1800D0B306 /* ViewController.h */,
				45E533201E44FE1800D0B306 /* ViewController.m */,
				45E533221E44FE1800D0B306 /* Assets.xcassets */,
				45E533241E44FE1800D0B306 /* Main.storyboard */,
				45E533491E45010800D0B306 /* Foo.m */,
				45E5334B1E45012C00D0B306 /* Foo.h */,
				45E533271E44FE1800D0B306 /* Info.plist */,
				45E5331C1E44FE1800D0B306 /* Supporting Files */,
			);
			path = RandomApp;
			sourceTree = "<group>";
		};
		45E5331C1E44FE1800D0B306 /* Supporting Files */ = {
			isa = PBXGroup;
			children = (
				45E5331D1E44FE1800D0B306 /* main.m */,
			);
			name = "Supporting Files";
			sourceTree = "<group>";
		};
/* End PBXGroup section */

/* Begin PBXNativeTarget section */
		45E533151E44FE1700D0B306 /* RandomApp */ = {
			isa = PBXNativeTarget;
			buildConfigurationList = 45E533401E44FE1800D0B306 /* Build configuration list for PBXNativeTarget "RandomApp" */;
			buildPhases = (
				45E533121E44FE1700D0B306 /* Sources */,
				45E533131E44FE1700D0B306 /* Frameworks */,
				45E533141E44FE1700D0B306 /* Resources */,
			);
			buildRules = (
			);
			dependencies = (
			);
			name = RandomApp;
			productName = RandomApp;
			productReference = 45E533161E44FE1800D0B306 /* RandomApp.app */;
			productType = "com.apple.product-type.application";
		};
		45E5332B1E44FE1800D0B306 /* RandomAppTests */ = {
			isa = PBXNativeTarget;
			buildConfigurationList = 45E533431E44FE1800D0B306 /* Build configuration list for PBXNativeTarget "RandomAppTests" */;
			buildPhases = (
				45E533281E44FE1800D0B306 /* Sources */,
				45E533291E44FE1800D0B306 /* Frameworks */,
				45E5332A1E44FE1800D0B306 /* Resources */,
			);
			buildRules = (
			);
			dependencies = (
				45E5332E1E44FE1800D0B306 /* PBXTargetDependency */,
			);
			name = RandomAppTests;
			productName = RandomAppTests;
			productReference = 45E5332C1E44FE1800D0B306 /* RandomAppTests.xctest */;
			productType = "com.apple.product-type.bundle.unit-test";
		};
		45E533361E44FE1800D0B306 /* RandomAppUITests */ = {
			isa = PBXNativeTarget;
			buildConfigurationList = 45E533461E44FE1800D0B306 /* Build configuration list for PBXNativeTarget "RandomAppUITests" */;
			buildPhases = (
				45E533331E44FE1800D0B306 /* Sources */,
				45E533341E44FE1800D0B306 /* Frameworks */,
				45E533351E44FE1800D0B306 /* Resources */,
			);
			buildRules = (
			);
			dependencies = (
				45E533391E44FE1800D0B306 /* PBXTargetDependency */,
			);
			name = RandomAppUITests;
			productName = RandomAppUITests;
			productReference = 45E533371E44FE1800D0B306 /* RandomAppUITests.xctest */;
			productType = "com.apple.product-type.bundle.ui-testing";
		};
/* End PBXNativeTarget section */

/* Begin PBXProject section */
		45E5330E1E44FE1700D0B306 /* Project object */ = {
			isa = PBXProject;
			attributes = {
				LastUpgradeCheck = 0820;
				ORGANIZATIONNAME = "Надежда Заграничная";
				TargetAttributes = {
					45E533151E44FE1700D0B306 = {
						CreatedOnToolsVersion = 8.2.1;
						ProvisioningStyle = Automatic;
					};
					45E5332B1E44FE1800D0B306 = {
						CreatedOnToolsVersion = 8.2.1;
						ProvisioningStyle = Automatic;
						TestTargetID = 45E533151E44FE1700D0B306;
					};
					45E533361E44FE1800D0B306 = {
						CreatedOnToolsVersion = 8.2.1;
						ProvisioningStyle = Automatic;
						TestTargetID = 45E533151E44FE1700D0B306;
					};
				};
			};
			buildConfigurationList = 45E533111E44FE1700D0B306 /* Build configuration list for PBXProject "RandomApp" */;
			compatibilityVersion = "Xcode 3.2";
			developmentRegion = English;
			hasScannedForEncodings = 0;
			knownRegions = (
				en,
				Base,
			);
			mainGroup = 45E5330D1E44FE1700D0B306;
			productRefGroup = 45E533171E44FE1800D0B306 /* Products */;
			projectDirPath = "";
			projectRoot = "";
			targets = (
				45E533151E44FE1700D0B306 /* RandomApp */,
				45E5332B1E44FE1800D0B306 /* RandomAppTests */,
				45E533361E44FE1800D0B306 /* RandomAppUITests */,
			);
		};
/* End PBXProject section */

/* Begin PBXResourcesBuildPhase section */
		45E533141E44FE1700D0B306 /* Resources */ = {
			isa = PBXResourcesBuildPhase;
			buildActionMask = 2147483647;
			files = (
				45E533231E44FE1800D0B306 /* Assets.xcassets in Resources */,
				45E533261E44FE1800D0B306 /* Main.storyboard in Resources */,
			);
			runOnlyForDeploymentPostprocessing = 0;
		};
		45E5332A1E44FE1800D0B306 /* Resources */ = {
			isa = PBXResourcesBuildPhase;
			buildActionMask = 2147483647;
			files = (
			);
			runOnlyForDeploymentPostprocessing = 0;
		};
		45E533351E44FE1800D0B306 /* Resources */ = {
			isa = PBXResourcesBuildPhase;
			buildActionMask = 2147483647;
			files = (
			);
			runOnlyForDeploymentPostprocessing = 0;
		};
/* End PBXResourcesBuildPhase section */

/* Begin PBXSourcesBuildPhase section */
		45E533121E44FE1700D0B306 /* Sources */ = {
			isa = PBXSourcesBuildPhase;
			buildActionMask = 2147483647;
			files = (
				45E5334A1E45010800D0B306 /* Foo.m in Sources */,
				45E533211E44FE1800D0B306 /* ViewController.m in Sources */,
				45E5331E1E44FE1800D0B306 /* main.m in Sources */,
				45E5331B1E44FE1800D0B306 /* AppDelegate.m in Sources */,
			);
			runOnlyForDeploymentPostprocessing = 0;
		};
		45E533281E44FE1800D0B306 /* Sources */ = {
			isa = PBXSourcesBuildPhase;
			buildActionMask = 2147483647;
			files = (
			);
			runOnlyForDeploymentPostprocessing = 0;
		};
		45E533331E44FE1800D0B306 /* Sources */ = {
			isa = PBXSourcesBuildPhase;
			buildActionMask = 2147483647;
			files = (
			);
			runOnlyForDeploymentPostprocessing = 0;
		};
/* End PBXSourcesBuildPhase section */

/* Begin PBXTargetDependency section */
		45E5332E1E44FE1800D0B306 /* PBXTargetDependency */ = {
			isa = PBXTargetDependency;
			target = 45E533151E44FE1700D0B306 /* RandomApp */;
			targetProxy = 45E5332D1E44FE1800D0B306 /* PBXContainerItemProxy */;
		};
		45E533391E44FE1800D0B306 /* PBXTargetDependency */ = {
			isa = PBXTargetDependency;
			target = 45E533151E44FE1700D0B306 /* RandomApp */;
			targetProxy = 45E533381E44FE1800D0B306 /* PBXContainerItemProxy */;
		};
/* End PBXTargetDependency section */

/* Begin PBXVariantGroup section */
		45E533241E44FE1800D0B306 /* Main.storyboard */ = {
			isa = PBXVariantGroup;
			children = (
				45E533251E44FE1800D0B306 /* Base */,
			);
			name = Main.storyboard;
			sourceTree = "<group>";
		};
/* End PBXVariantGroup section */

/* Begin XCBuildConfiguration section */
		45E5333E1E44FE1800D0B306 /* Debug */ = {
			isa = XCBuildConfiguration;
			buildSettings = {
				ALWAYS_SEARCH_USER_PATHS = NO;
				CLANG_ANALYZER_NONNULL = YES;
				CLANG_CXX_LANGUAGE_STANDARD = "gnu++0x";
				CLANG_CXX_LIBRARY = "libc++";
				CLANG_ENABLE_MODULES = YES;
				CLANG_ENABLE_OBJC_ARC = YES;
				CLANG_WARN_BOOL_CONVERSION = YES;
				CLANG_WARN_CONSTANT_CONVERSION = YES;
				CLANG_WARN_DIRECT_OBJC_ISA_USAGE = YES_ERROR;
				CLANG_WARN_DOCUMENTATION_COMMENTS = YES;
				CLANG_WARN_EMPTY_BODY = YES;
				CLANG_WARN_ENUM_CONVERSION = YES;
				CLANG_WARN_INFINITE_RECURSION = YES;
				CLANG_WARN_INT_CONVERSION = YES;
				CLANG_WARN_OBJC_ROOT_CLASS = YES_ERROR;
				CLANG_WARN_SUSPICIOUS_MOVE = YES;
				CLANG_WARN_UNREACHABLE_CODE = YES;
				CLANG_WARN__DUPLICATE_METHOD_MATCH = YES;
				CODE_SIGN_IDENTITY = "-";
				COPY_PHASE_STRIP = NO;
				DEBUG_INFORMATION_FORMAT = dwarf;
				ENABLE_STRICT_OBJC_MSGSEND = YES;
				ENABLE_TESTABILITY = YES;
				GCC_C_LANGUAGE_STANDARD = gnu99;
				GCC_DYNAMIC_NO_PIC = NO;
				GCC_NO_COMMON_BLOCKS = YES;
				GCC_OPTIMIZATION_LEVEL = 0;
				GCC_PREPROCESSOR_DEFINITIONS = (
					"DEBUG=1",
					"$(inherited)",
				);
				GCC_WARN_64_TO_32_BIT_CONVERSION = YES;
				GCC_WARN_ABOUT_RETURN_TYPE = YES_ERROR;
				GCC_WARN_UNDECLARED_SELECTOR = YES;
				GCC_WARN_UNINITIALIZED_AUTOS = YES_AGGRESSIVE;
				GCC_WARN_UNUSED_FUNCTION = YES;
				GCC_WARN_UNUSED_VARIABLE = YES;
				MACOSX_DEPLOYMENT_TARGET = 10.12;
				MTL_ENABLE_DEBUG_INFO = YES;
				ONLY_ACTIVE_ARCH = YES;
				SDKROOT = macosx;
			};
			name = Debug;
		};
		45E5333F1E44FE1800D0B306 /* Release */ = {
			isa = XCBuildConfiguration;
			buildSettings = {
				ALWAYS_SEARCH_USER_PATHS = NO;
				CLANG_ANALYZER_NONNULL = YES;
				CLANG_CXX_LANGUAGE_STANDARD = "gnu++0x";
				CLANG_CXX_LIBRARY = "libc++";
				CLANG_ENABLE_MODULES = YES;
				CLANG_ENABLE_OBJC_ARC = YES;
				CLANG_WARN_BOOL_CONVERSION = YES;
				CLANG_WARN_CONSTANT_CONVERSION = YES;
				CLANG_WARN_DIRECT_OBJC_ISA_USAGE = YES_ERROR;
				CLANG_WARN_DOCUMENTATION_COMMENTS = YES;
				CLANG_WARN_EMPTY_BODY = YES;
				CLANG_WARN_ENUM_CONVERSION = YES;
				CLANG_WARN_INFINITE_RECURSION = YES;
				CLANG_WARN_INT_CONVERSION = YES;
				CLANG_WARN_OBJC_ROOT_CLASS = YES_ERROR;
				CLANG_WARN_SUSPICIOUS_MOVE = YES;
				CLANG_WARN_UNREACHABLE_CODE = YES;
				CLANG_WARN__DUPLICATE_METHOD_MATCH = YES;
				CODE_SIGN_IDENTITY = "-";
				COPY_PHASE_STRIP = NO;
				DEBUG_INFORMATION_FORMAT = "dwarf-with-dsym";
				ENABLE_NS_ASSERTIONS = NO;
				ENABLE_STRICT_OBJC_MSGSEND = YES;
				GCC_C_LANGUAGE_STANDARD = gnu99;
				GCC_NO_COMMON_BLOCKS = YES;
				GCC_WARN_64_TO_32_BIT_CONVERSION = YES;
				GCC_WARN_ABOUT_RETURN_TYPE = YES_ERROR;
				GCC_WARN_UNDECLARED_SELECTOR = YES;
				GCC_WARN_UNINITIALIZED_AUTOS = YES_AGGRESSIVE;
				GCC_WARN_UNUSED_FUNCTION = YES;
				GCC_WARN_UNUSED_VARIABLE = YES;
				MACOSX_DEPLOYMENT_TARGET = 10.12;
				MTL_ENABLE_DEBUG_INFO = NO;
				SDKROOT = macosx;
			};
			name = Release;
		};
		45E533411E44FE1800D0B306 /* Debug */ = {
			isa = XCBuildConfiguration;
			buildSettings = {
				ASSETCATALOG_COMPILER_APPICON_NAME = AppIcon;
				COMBINE_HIDPI_IMAGES = YES;
				INFOPLIST_FILE = RandomApp/Info.plist;
				LD_RUNPATH_SEARCH_PATHS = "$(inherited) @executable_path/../Frameworks";
				PRODUCT_BUNDLE_IDENTIFIER = "-00.RandomApp";
				PRODUCT_NAME = "$(TARGET_NAME)";
			};
			name = Debug;
		};
		45E533421E44FE1800D0B306 /* Release */ = {
			isa = XCBuildConfiguration;
			buildSettings = {
				ASSETCATALOG_COMPILER_APPICON_NAME = AppIcon;
				COMBINE_HIDPI_IMAGES = YES;
				INFOPLIST_FILE = RandomApp/Info.plist;
				LD_RUNPATH_SEARCH_PATHS = "$(inherited) @executable_path/../Frameworks";
				PRODUCT_BUNDLE_IDENTIFIER = "-00.RandomApp";
				PRODUCT_NAME = "$(TARGET_NAME)";
			};
			name = Release;
		};
		45E533441E44FE1800D0B306 /* Debug */ = {
			isa = XCBuildConfiguration;
			buildSettings = {
				BUNDLE_LOADER = "$(TEST_HOST)";
				COMBINE_HIDPI_IMAGES = YES;
				INFOPLIST_FILE = RandomAppTests/Info.plist;
				LD_RUNPATH_SEARCH_PATHS = "$(inherited) @executable_path/../Frameworks @loader_path/../Frameworks";
				PRODUCT_BUNDLE_IDENTIFIER = "-00.RandomAppTests";
				PRODUCT_NAME = "$(TARGET_NAME)";
				TEST_HOST = "$(BUILT_PRODUCTS_DIR)/RandomApp.app/Contents/MacOS/RandomApp";
			};
			name = Debug;
		};
		45E533451E44FE1800D0B306 /* Release */ = {
			isa = XCBuildConfiguration;
			buildSettings = {
				BUNDLE_LOADER = "$(TEST_HOST)";
				COMBINE_HIDPI_IMAGES = YES;
				INFOPLIST_FILE = RandomAppTests/Info.plist;
				LD_RUNPATH_SEARCH_PATHS = "$(inherited) @executable_path/../Frameworks @loader_path/../Frameworks";
				PRODUCT_BUNDLE_IDENTIFIER = "-00.RandomAppTests";
				PRODUCT_NAME = "$(TARGET_NAME)";
				TEST_HOST = "$(BUILT_PRODUCTS_DIR)/RandomApp.app/Contents/MacOS/RandomApp";
			};
			name = Release;
		};
		45E533471E44FE1800D0B306 /* Debug */ = {
			isa = XCBuildConfiguration;
			buildSettings = {
				COMBINE_HIDPI_IMAGES = YES;
				INFOPLIST_FILE = RandomAppUITests/Info.plist;
				LD_RUNPATH_SEARCH_PATHS = "$(inherited) @executable_path/../Frameworks @loader_path/../Frameworks";
				PRODUCT_BUNDLE_IDENTIFIER = "-00.RandomAppUITests";
				PRODUCT_NAME = "$(TARGET_NAME)";
				TEST_TARGET_NAME = RandomApp;
			};
			name = Debug;
		};
		45E533481E44FE1800D0B306 /* Release */ = {
			isa = XCBuildConfiguration;
			buildSettings = {
				COMBINE_HIDPI_IMAGES = YES;
				INFOPLIST_FILE = RandomAppUITests/Info.plist;
				LD_RUNPATH_SEARCH_PATHS = "$(inherited) @executable_path/../Frameworks @loader_path/../Frameworks";
				PRODUCT_BUNDLE_IDENTIFIER = "-00.RandomAppUITests";
				PRODUCT_NAME = "$(TARGET_NAME)";
				TEST_TARGET_NAME = RandomApp;
			};
			name = Release;
		};
/* End XCBuildConfiguration section */

/* Begin XCConfigurationList section */
		45E533111E44FE1700D0B306 /* Build configuration list for PBXProject "RandomApp" */ = {
			isa = XCConfigurationList;
			buildConfigurations = (
				45E5333E1E44FE1800D0B306 /* Debug */,
				45E5333F1E44FE1800D0B306 /* Release */,
			);
			defaultConfigurationIsVisible = 0;
			defaultConfigurationName = Release;
		};
		45E533401E44FE1800D0B306 /* Build configuration list for PBXNativeTarget "RandomApp" */ = {
			isa = XCConfigurationList;
			buildConfigurations = (
				45E533411E44FE1800D0B306 /* Debug */,
				45E533421E44FE1800D0B306 /* Release */,
			);
			defaultConfigurationIsVisible = 0;
			defaultConfigurationName = Release;
		};
		45E533431E44FE1800D0B306 /* Build configuration list for PBXNativeTarget "RandomAppTests" */ = {
			isa = XCConfigurationList;
			buildConfigurations = (
				45E533441E44FE1800D0B306 /* Debug */,
				45E533451E44FE1800D0B306 /* Release */,
			);
			defaultConfigurationIsVisible = 0;
			defaultConfigurationName = Release;
		};
		45E533461E44FE1800D0B306 /* Build configuration list for PBXNativeTarget "RandomAppUITests" */ = {
			isa = XCConfigurationList;
			buildConfigurations = (
				45E533471E44FE1800D0B306 /* Debug */,
				45E533481E44FE1800D0B306 /* Release */,
			);
			defaultConfigurationIsVisible = 0;
			defaultConfigurationName = Release;
		};
/* End XCConfigurationList section */
	};
	rootObject = 45E5330E1E44FE1700D0B306 /* Project object */;
}
